speakeasyVersion: 1.487.1
sources:
    Analyze API (Beta):
        sourceNamespace: analyze-api
        sourceRevisionDigest: sha256:c74faff286a8473dd791f88e243d210d9ca6ea33f355619f89caa702f1f1f8fe
        sourceBlobDigest: sha256:8b1b41484d9a7da0aca025cca0b3b7a9ed24e6cecc55d6ba3304a372675bb198
        tags:
            - latest
            - 0.2.0
targets:
    analysis-go:
        source: Analyze API (Beta)
        sourceNamespace: analyze-api
        sourceRevisionDigest: sha256:c74faff286a8473dd791f88e243d210d9ca6ea33f355619f89caa702f1f1f8fe
        sourceBlobDigest: sha256:8b1b41484d9a7da0aca025cca0b3b7a9ed24e6cecc55d6ba3304a372675bb198
        codeSamplesNamespace: analyze-api-go-code-samples
        codeSamplesRevisionDigest: sha256:f6877ffd5ddef1ea9441843301cce8beb415cce22b7e828f2ea81651551d5df3
workflow:
    workflowVersion: 1.0.0
    speakeasyVersion: latest
    sources:
        Analyze API (Beta):
            inputs:
                - location: .speakeasy/schema.yml
            overlays:
                - location: .speakeasy/cloudinary-security-scheme-overlay.yaml
                - location: .speakeasy/cloudinary-modifications-overlay.yaml
                - location: .speakeasy/cloudinary-name-modifications-overlay.yaml
                - location: .speakeasy/cloudinary-source-modifications-overlay.yaml
            registry:
                location: registry.speakeasyapi.dev/cloudinary/cloudinary/analyze-api
    targets:
        analysis-go:
            target: go
            source: Analyze API (Beta)
            codeSamples:
                registry:
                    location: registry.speakeasyapi.dev/cloudinary/cloudinary/analyze-api-go-code-samples
                labelOverride:
                    fixedValue: Go (SDK)
                blocking: false
