speakeasyVersion: 1.487.1
sources:
    Analyze API (Beta):
        sourceNamespace: analyze-api
        sourceRevisionDigest: sha256:64f3cb17b40344de907e8f60cc3135090deb0d53e0ad22c52b49eb53df79b1bc
        sourceBlobDigest: sha256:8b1b41484d9a7da0aca025cca0b3b7a9ed24e6cecc55d6ba3304a372675bb198
        tags:
            - latest
            - 0.2.0
targets:
    analysis-go:
        source: Analyze API (Beta)
        sourceNamespace: analyze-api
        sourceRevisionDigest: sha256:64f3cb17b40344de907e8f60cc3135090deb0d53e0ad22c52b49eb53df79b1bc
        sourceBlobDigest: sha256:8b1b41484d9a7da0aca025cca0b3b7a9ed24e6cecc55d6ba3304a372675bb198
        codeSamplesNamespace: analyze-api-go-code-samples
        codeSamplesRevisionDigest: sha256:c5a18c13588812e34f2a9e1b8a2d229c34c1a6941a5c0dbdeae064da8bb167e0
workflow:
    workflowVersion: 1.0.0
    speakeasyVersion: latest
    sources:
        Analyze API (Beta):
            inputs:
                - location: cloudinaryanalysis/.speakeasy/schema.yml
            overlays:
                - location: cloudinaryanalysis/.speakeasy/cloudinary-security-scheme-overlay.yaml
                - location: cloudinaryanalysis/.speakeasy/cloudinary-modifications-overlay.yaml
                - location: cloudinaryanalysis/.speakeasy/cloudinary-name-modifications-overlay.yaml
                - location: cloudinaryanalysis/.speakeasy/cloudinary-source-modifications-overlay.yaml
            registry:
                location: registry.speakeasyapi.dev/cloudinary/cloudinary/analyze-api
    targets:
        analysis-go:
            target: go
            source: Analyze API (Beta)
            output: cloudinaryanalysis
            codeSamples:
                registry:
                    location: registry.speakeasyapi.dev/cloudinary/cloudinary/analyze-api-go-code-samples
                labelOverride:
                    fixedValue: Go (SDK)
                blocking: false
