speakeasyVersion: 1.487.1
sources:
    Analyze API (Beta):
        sourceNamespace: analyze-api
        sourceRevisionDigest: sha256:2390d0bf41545225c27ebcbce3bd4ecc63f755ba4227dc73d1d5cdc8a5cff0b1
        sourceBlobDigest: sha256:8b1b41484d9a7da0aca025cca0b3b7a9ed24e6cecc55d6ba3304a372675bb198
        tags:
            - latest
            - speakeasy-sdk-regen-1739117884
            - 0.2.0
targets:
    analysis-go:
        source: Analyze API (Beta)
        sourceNamespace: analyze-api
        sourceRevisionDigest: sha256:2390d0bf41545225c27ebcbce3bd4ecc63f755ba4227dc73d1d5cdc8a5cff0b1
        sourceBlobDigest: sha256:8b1b41484d9a7da0aca025cca0b3b7a9ed24e6cecc55d6ba3304a372675bb198
        codeSamplesNamespace: analyze-api-go-code-samples
        codeSamplesRevisionDigest: sha256:c6a6e2b1b26f238c017a0eaf52e2ecd14d06ada4e3607fadc48cf2047a085272
workflow:
    workflowVersion: 1.0.0
    speakeasyVersion: latest
    sources:
        Analyze API (Beta):
            inputs:
                - location: cloudinaryanalysis/.speakeasy/schema.yml
            overlays:
                - location: cloudinaryanalysis/.speakeasy/cloudinary-security-scheme-overlay.yaml
                - location: cloudinaryanalysis/.speakeasy/cloudinary-modifications-overlay.yaml
                - location: cloudinaryanalysis/.speakeasy/cloudinary-name-modifications-overlay.yaml
                - location: cloudinaryanalysis/.speakeasy/cloudinary-source-modifications-overlay.yaml
            registry:
                location: registry.speakeasyapi.dev/cloudinary/cloudinary/analyze-api
    targets:
        analysis-go:
            target: go
            source: Analyze API (Beta)
            output: cloudinaryanalysis
            codeSamples:
                registry:
                    location: registry.speakeasyapi.dev/cloudinary/cloudinary/analyze-api-go-code-samples
                labelOverride:
                    fixedValue: Go (SDK)
                blocking: false
